
Microsoft Visual Studio Solution File, Format Version 12.00
# Visual Studio Version 17
VisualStudioVersion = 17.14.36401.2
MinimumVisualStudioVersion = 10.0.40219.1
Project("{FAE04EC0-301F-11D3-BF4B-00C04F79EFBC}") = "DotnetFastestMemoryPacker", "src\DotnetFastestMemoryPacker\DotnetFastestMemoryPacker.csproj", "{F1D610D8-E568-495D-AB9F-29B27A7FE040}"
EndProject
Project("{FAE04EC0-301F-11D3-BF4B-00C04F79EFBC}") = "Console", "tools\Console\Console.csproj", "{FF8F745F-F8DC-47DB-8FFF-9C8D8F768BB5}"
EndProject
Project("{FAE04EC0-301F-11D3-BF4B-00C04F79EFBC}") = "patcher", "tools\patcher\patcher.csproj", "{74D7A89B-F915-4DCD-8BEB-076DF04F5779}"
EndProject
Project("{2150E333-8FDC-42A3-9474-1A3956D46DE8}") = "src", "src", "{02EA681E-C7D8-13C7-8484-4AC65E1B71E8}"
EndProject
Project("{2150E333-8FDC-42A3-9474-1A3956D46DE8}") = "tests", "tests", "{36BBE5EF-E689-473E-8A6D-2E895C3D11CE}"
EndProject
Project("{2150E333-8FDC-42A3-9474-1A3956D46DE8}") = "tools", "tools", "{66970367-6531-436C-B670-8652DE683A7B}"
EndProject
Global
	GlobalSection(SolutionConfigurationPlatforms) = preSolution
		Debug|Any CPU = Debug|Any CPU
		Release|Any CPU = Release|Any CPU
	EndGlobalSection
	GlobalSection(ProjectConfigurationPlatforms) = postSolution
		{F1D610D8-E568-495D-AB9F-29B27A7FE040}.Debug|Any CPU.ActiveCfg = Debug|Any CPU
		{F1D610D8-E568-495D-AB9F-29B27A7FE040}.Debug|Any CPU.Build.0 = Debug|Any CPU
		{F1D610D8-E568-495D-AB9F-29B27A7FE040}.Release|Any CPU.ActiveCfg = Release|Any CPU
		{F1D610D8-E568-495D-AB9F-29B27A7FE040}.Release|Any CPU.Build.0 = Release|Any CPU
		{FF8F745F-F8DC-47DB-8FFF-9C8D8F768BB5}.Debug|Any CPU.ActiveCfg = Debug|Any CPU
		{FF8F745F-F8DC-47DB-8FFF-9C8D8F768BB5}.Debug|Any CPU.Build.0 = Debug|Any CPU
		{FF8F745F-F8DC-47DB-8FFF-9C8D8F768BB5}.Release|Any CPU.ActiveCfg = Release|Any CPU
		{FF8F745F-F8DC-47DB-8FFF-9C8D8F768BB5}.Release|Any CPU.Build.0 = Release|Any CPU
		{74D7A89B-F915-4DCD-8BEB-076DF04F5779}.Debug|Any CPU.ActiveCfg = Debug|Any CPU
		{74D7A89B-F915-4DCD-8BEB-076DF04F5779}.Debug|Any CPU.Build.0 = Debug|Any CPU
		{74D7A89B-F915-4DCD-8BEB-076DF04F5779}.Release|Any CPU.ActiveCfg = Release|Any CPU
		{74D7A89B-F915-4DCD-8BEB-076DF04F5779}.Release|Any CPU.Build.0 = Release|Any CPU
	EndGlobalSection
	GlobalSection(SolutionProperties) = preSolution
		HideSolutionNode = FALSE
	EndGlobalSection
	GlobalSection(NestedProjects) = preSolution
		{F1D610D8-E568-495D-AB9F-29B27A7FE040} = {02EA681E-C7D8-13C7-8484-4AC65E1B71E8}
		{FF8F745F-F8DC-47DB-8FFF-9C8D8F768BB5} = {66970367-6531-436C-B670-8652DE683A7B}
		{74D7A89B-F915-4DCD-8BEB-076DF04F5779} = {66970367-6531-436C-B670-8652DE683A7B}
	EndGlobalSection
	GlobalSection(ExtensibilityGlobals) = postSolution
		SolutionGuid = {333818EC-983A-48C6-9E6F-890C1D00E457}
	EndGlobalSection
EndGlobal
